
Microsoft Visual Studio Solution File, Format Version 12.00
# Visual Studio Version 17
VisualStudioVersion = 17.10.35122.118
MinimumVisualStudioVersion = 10.0.40219.1
Project("{FAE04EC0-301F-11D3-BF4B-00C04F79EFBC}") = "AnalisadorLexicoForms", "AnalisadorLexicoForms\AnalisadorLexicoForms.csproj", "{119C198B-1893-425C-9D51-3122A7E68CCC}"
EndProject
Global
	GlobalSection(SolutionConfigurationPlatforms) = preSolution
		Debug|Any CPU = Debug|Any CPU
		Release|Any CPU = Release|Any CPU
	EndGlobalSection
	GlobalSection(ProjectConfigurationPlatforms) = postSolution
		{119C198B-1893-425C-9D51-3122A7E68CCC}.Debug|Any CPU.ActiveCfg = Debug|Any CPU
		{119C198B-1893-425C-9D51-3122A7E68CCC}.Debug|Any CPU.Build.0 = Debug|Any CPU
		{119C198B-1893-425C-9D51-3122A7E68CCC}.Release|Any CPU.ActiveCfg = Release|Any CPU
		{119C198B-1893-425C-9D51-3122A7E68CCC}.Release|Any CPU.Build.0 = Release|Any CPU
	EndGlobalSection
	GlobalSection(SolutionProperties) = preSolution
		HideSolutionNode = FALSE
	EndGlobalSection
	GlobalSection(ExtensibilityGlobals) = postSolution
		SolutionGuid = {C79F8E0C-6846-44F0-86D4-05FA114709C8}
	EndGlobalSection
EndGlobal
